
Microsoft Visual Studio Solution File, Format Version 12.00
# Visual Studio Version 17
VisualStudioVersion = 17.8.34525.116
MinimumVisualStudioVersion = 10.0.40219.1
Project("{FAE04EC0-301F-11D3-BF4B-00C04F79EFBC}") = "Assignment4AdvOO", "Assignment4AdvOO\Assignment4AdvOO.csproj", "{2D8856D5-F794-4FCE-999C-E72FB87D98A8}"
EndProject
Global
	GlobalSection(SolutionConfigurationPlatforms) = preSolution
		Debug|Any CPU = Debug|Any CPU
		Release|Any CPU = Release|Any CPU
	EndGlobalSection
	GlobalSection(ProjectConfigurationPlatforms) = postSolution
		{2D8856D5-F794-4FCE-999C-E72FB87D98A8}.Debug|Any CPU.ActiveCfg = Debug|Any CPU
		{2D8856D5-F794-4FCE-999C-E72FB87D98A8}.Debug|Any CPU.Build.0 = Debug|Any CPU
		{2D8856D5-F794-4FCE-999C-E72FB87D98A8}.Release|Any CPU.ActiveCfg = Release|Any CPU
		{2D8856D5-F794-4FCE-999C-E72FB87D98A8}.Release|Any CPU.Build.0 = Release|Any CPU
	EndGlobalSection
	GlobalSection(SolutionProperties) = preSolution
		HideSolutionNode = FALSE
	EndGlobalSection
	GlobalSection(ExtensibilityGlobals) = postSolution
		SolutionGuid = {B5FB3DC2-2481-42C9-A2F8-2E99F6B935D9}
	EndGlobalSection
EndGlobal
